SITE
  remote: https://supermarket.getchef.com/api/v1
  specs:
    dmg (2.2.2)
    homebrew (1.10.0)

GIT
  remote: git://github.com/gsgilman/pivotal_workstation.git
  ref: master
  sha: a534a47d4311dd69497bf3e3c57bb6ca3dab8e32
  specs:
    pivotal_workstation (1.0.0)
      dmg (>= 0.0.0)

GIT
  remote: https://github.com/pivotal-sprout/osx
  ref: master
  sha: 70ef029c8b25dbab5be2fb328b987297c05936db
  specs:
    osx (0.1.0)

GIT
  remote: https://github.com/pivotal-sprout/sprout-base
  ref: master
  sha: 9584e55ecc51c9938071eafc2065a530a766fa82
  specs:
    sprout-base (0.1.0)

GIT
  remote: https://github.com/pivotal-sprout/sprout-git
  ref: master
  sha: 06d7b052308f9b9b736e99fb444430ea4d9beb66
  specs:
    sprout-git (0.1.0)
      homebrew (>= 0.0.0)
      sprout-base (>= 0.0.0)

GIT
  remote: https://github.com/pivotal-sprout/sprout-homebrew
  ref: master
  sha: 661fc92a9ae569ba466773762f7a14f09aa72b1b
  specs:
    sprout-homebrew (0.2.0)
      homebrew (>= 1.5.4)

GIT
  remote: https://github.com/pivotal-sprout/sprout-osx-apps
  ref: master
  sha: 1407e20d95f5b859fdaddd03d30d578e3c061309
  specs:
    sprout-osx-apps (0.1.0)
      dmg (>= 0.0.0)
      homebrew (>= 1.6.6)
      sprout-base (>= 0.0.0)
      sprout-osx-settings (>= 0.0.0)

GIT
  remote: https://github.com/pivotal-sprout/sprout-osx-settings
  ref: master
  sha: 2470797e8997688b731928cc78f48e51c3562803
  specs:
    sprout-osx-settings (0.1.0)
      homebrew (>= 0.0.0)
      osx (>= 0.0.0)
      sprout-base (>= 0.0.0)

GIT
  remote: https://github.com/pivotal-sprout/sprout-rubymine
  ref: master
  sha: 17ba0c71929dc7602ed12d0e77b136a19f8f36d1
  specs:
    sprout-rubymine (0.1.0)
      sprout-base (>= 0.0.0)
      sprout-homebrew (>= 0.0.0)

PATH
  remote: site-cookbooks/mac_java_1_6
  specs:
    mac_java_1_6 (1.0.0)
      dmg (>= 0.0.0)

PATH
  remote: site-cookbooks/macoffice
  specs:
    macoffice (1.0.0)
      dmg (>= 0.0.0)

PATH
  remote: site-cookbooks/meta
  specs:
    meta (0.1.1)
      pivotal_workstation (>= 0.0.0)
      sprout-osx-apps (>= 0.0.0)
      sprout-osx-settings (>= 0.0.0)

DEPENDENCIES
  mac_java_1_6 (>= 0)
  macoffice (>= 0)
  meta (>= 0)
  osx (>= 0)
  pivotal_workstation (>= 0)
  sprout-base (>= 0)
  sprout-git (>= 0)
  sprout-homebrew (>= 0)
  sprout-osx-apps (>= 0)
  sprout-osx-settings (>= 0)
  sprout-rubymine (>= 0)

